
Microsoft Visual Studio Solution File, Format Version 12.00
# Visual Studio 14
VisualStudioVersion = 14.0.25420.1
MinimumVisualStudioVersion = 10.0.40219.1
Project("{FAE04EC0-301F-11D3-BF4B-00C04F79EFBC}") = "blqw.Configuration", "blqw.Configuration\blqw.Configuration.csproj", "{5DE05BD8-B222-4C77-902D-E65500F80EBB}"
EndProject
Project("{FAE04EC0-301F-11D3-BF4B-00C04F79EFBC}") = "blqw.ConfigurationTests", "blqw.ConfigurationTests\blqw.ConfigurationTests.csproj", "{79F284F5-CFE6-4834-AC26-404ACD1DDA26}"
EndProject
Global
	GlobalSection(SolutionConfigurationPlatforms) = preSolution
		Debug|Any CPU = Debug|Any CPU
		Release|Any CPU = Release|Any CPU
	EndGlobalSection
	GlobalSection(ProjectConfigurationPlatforms) = postSolution
		{5DE05BD8-B222-4C77-902D-E65500F80EBB}.Debug|Any CPU.ActiveCfg = Debug|Any CPU
		{5DE05BD8-B222-4C77-902D-E65500F80EBB}.Debug|Any CPU.Build.0 = Debug|Any CPU
		{5DE05BD8-B222-4C77-902D-E65500F80EBB}.Release|Any CPU.ActiveCfg = Release|Any CPU
		{5DE05BD8-B222-4C77-902D-E65500F80EBB}.Release|Any CPU.Build.0 = Release|Any CPU
		{79F284F5-CFE6-4834-AC26-404ACD1DDA26}.Debug|Any CPU.ActiveCfg = Debug|Any CPU
		{79F284F5-CFE6-4834-AC26-404ACD1DDA26}.Debug|Any CPU.Build.0 = Debug|Any CPU
		{79F284F5-CFE6-4834-AC26-404ACD1DDA26}.Release|Any CPU.ActiveCfg = Release|Any CPU
		{79F284F5-CFE6-4834-AC26-404ACD1DDA26}.Release|Any CPU.Build.0 = Release|Any CPU
	EndGlobalSection
	GlobalSection(SolutionProperties) = preSolution
		HideSolutionNode = FALSE
	EndGlobalSection
EndGlobal
